
Microsoft Visual Studio Solution File, Format Version 12.00
# Visual Studio Version 17
VisualStudioVersion = 17.14.35906.104 d17.14
MinimumVisualStudioVersion = 10.0.40219.1
Project("{FAE04EC0-301F-11D3-BF4B-00C04F79EFBC}") = "Agenda_Telefonica", "Agenda_Telefonica\Agenda_Telefonica.csproj", "{4711ACB1-3C41-42A6-BB4F-B287720B0B84}"
EndProject
Global
	GlobalSection(SolutionConfigurationPlatforms) = preSolution
		Debug|Any CPU = Debug|Any CPU
		Release|Any CPU = Release|Any CPU
	EndGlobalSection
	GlobalSection(ProjectConfigurationPlatforms) = postSolution
		{4711ACB1-3C41-42A6-BB4F-B287720B0B84}.Debug|Any CPU.ActiveCfg = Debug|Any CPU
		{4711ACB1-3C41-42A6-BB4F-B287720B0B84}.Debug|Any CPU.Build.0 = Debug|Any CPU
		{4711ACB1-3C41-42A6-BB4F-B287720B0B84}.Release|Any CPU.ActiveCfg = Release|Any CPU
		{4711ACB1-3C41-42A6-BB4F-B287720B0B84}.Release|Any CPU.Build.0 = Release|Any CPU
	EndGlobalSection
	GlobalSection(SolutionProperties) = preSolution
		HideSolutionNode = FALSE
	EndGlobalSection
	GlobalSection(ExtensibilityGlobals) = postSolution
		SolutionGuid = {31FB0C1A-D3CE-4FD0-AD76-D808FE7968F1}
	EndGlobalSection
EndGlobal
